
Microsoft Visual Studio Solution File, Format Version 12.00
# Visual Studio Version 16
VisualStudioVersion = 16.0.29806.167
MinimumVisualStudioVersion = 10.0.40219.1
Project("{2150E333-8FDC-42A3-9474-1A3956D46DE8}") = "Section 01 - Getting started with CSharp", "Section 01 - Getting started with CSharp", "{F032624E-801F-42FF-ACB9-41CD00FD58B6}"
EndProject
Project("{2150E333-8FDC-42A3-9474-1A3956D46DE8}") = "Section 02 - Different types of VS projects", "Section 02 - Different types of VS projects", "{B8562679-5DFC-4438-ACF7-BD18279BC5C9}"
EndProject
Project("{FAE04EC0-301F-11D3-BF4B-00C04F79EFBC}") = "ClassLibraryPractice", "ClassLibraryPractice\ClassLibraryPractice.csproj", "{B03B0D7D-E8D0-49BB-A64D-A5B1E3A8FC09}"
EndProject
Project("{FAE04EC0-301F-11D3-BF4B-00C04F79EFBC}") = "ClassLibraryTest", "ClassLibraryTest\ClassLibraryTest.csproj", "{E6D36DD6-5AAB-4C47-9DBB-BB5220828AE4}"
EndProject
Project("{2150E333-8FDC-42A3-9474-1A3956D46DE8}") = "Section 03 - Programming basics", "Section 03 - Programming basics", "{42425352-289C-4E2F-886A-CBB024D8CFEB}"
EndProject
Project("{FAE04EC0-301F-11D3-BF4B-00C04F79EFBC}") = "01 Accessibility level", "Section 03\HelloWorld\01 Accessibility level.csproj", "{3FCAB4C1-B184-4736-8D76-91A13E723336}"
EndProject
Project("{FAE04EC0-301F-11D3-BF4B-00C04F79EFBC}") = "02 Types", "Section 03\HelloWorld2\02 Types.csproj", "{B3C3EEA5-C52F-4A71-AE61-6A060FA62CCC}"
EndProject
Project("{FAE04EC0-301F-11D3-BF4B-00C04F79EFBC}") = "03 Console.Read", "Section 03\HelloWorld3\03 Console.Read.csproj", "{31720736-2EDB-442A-BFDB-B32A3C7A833B}"
EndProject
Project("{FAE04EC0-301F-11D3-BF4B-00C04F79EFBC}") = "04 Contatenation", "HelloWorld4\04 Contatenation.csproj", "{0669479E-8BC7-48D6-A826-129ECC3650FE}"
EndProject
Project("{FAE04EC0-301F-11D3-BF4B-00C04F79EFBC}") = "05 Interpolation", "HelloWorld5\05 Interpolation.csproj", "{BE41FF8C-2A9C-4A4A-A2C8-8A8352E2376C}"
EndProject
Project("{FAE04EC0-301F-11D3-BF4B-00C04F79EFBC}") = "06 Text format", "HelloWorld6\06 Text format.csproj", "{E78A0BE4-7CAB-4177-AB84-269FE466D728}"
EndProject
Project("{FAE04EC0-301F-11D3-BF4B-00C04F79EFBC}") = "07 Verbatim and esc seq", "HelloWorld7\07 Verbatim and esc seq.csproj", "{9A55ADB1-8D47-4CD7-981F-A05D27706128}"
EndProject
Project("{2150E333-8FDC-42A3-9474-1A3956D46DE8}") = "Section 04 - Unit testing project", "Section 04 - Unit testing project", "{BA5EA186-5A93-467A-98BF-2F1631C758B2}"
EndProject
Project("{FAE04EC0-301F-11D3-BF4B-00C04F79EFBC}") = "01 Attributes, assertions", "UnitTestProject\01 Attributes, assertions.csproj", "{3678CD78-E953-435C-BA02-017277A53F10}"
EndProject
Project("{FAE04EC0-301F-11D3-BF4B-00C04F79EFBC}") = "02 TestQuiz", "TestQuiz\02 TestQuiz.csproj", "{1B884226-8861-4C97-9C3D-4371E6F0FAAF}"
EndProject
Project("{FAE04EC0-301F-11D3-BF4B-00C04F79EFBC}") = "03 TestInitialize", "UnitTestProject2\03 TestInitialize.csproj", "{3058D358-B339-4D55-88AE-853D3ADD8391}"
EndProject
Project("{FAE04EC0-301F-11D3-BF4B-00C04F79EFBC}") = "04 More attributes", "UnitTestProject3\04 More attributes.csproj", "{2764FC3F-E593-4354-B66C-1201CA6B4649}"
EndProject
Project("{2150E333-8FDC-42A3-9474-1A3956D46DE8}") = "Section 05 - Math, equality and relational operators", "Section 05 - Math, equality and relational operators", "{8527ECA4-69A1-406E-BCA4-2207D34AAE8C}"
EndProject
Project("{FAE04EC0-301F-11D3-BF4B-00C04F79EFBC}") = "01 Integer operations", "IntegerOperations\01 Integer operations.csproj", "{F6018CA0-496A-4659-A20D-41119865D9DD}"
EndProject
Project("{FAE04EC0-301F-11D3-BF4B-00C04F79EFBC}") = "02 Floating point math", "FloatingPoint\02 Floating point math.csproj", "{B5C0F016-6285-4E40-B183-0306F2C9E67D}"
EndProject
Project("{FAE04EC0-301F-11D3-BF4B-00C04F79EFBC}") = "03 Section quiz", "SectionQuiz\03 Section quiz.csproj", "{EEBD65A4-DEDC-433C-BE97-401437A83B9E}"
EndProject
Project("{FAE04EC0-301F-11D3-BF4B-00C04F79EFBC}") = "04 IfStatements", "IfStatements\04 IfStatements.csproj", "{3AE5F4BB-2FF1-4202-A9DB-864D52DDA87C}"
EndProject
Project("{FAE04EC0-301F-11D3-BF4B-00C04F79EFBC}") = "05 Section exam", "SectionExam\05 Section exam.csproj", "{9438041F-E8E4-4E2B-B124-7B69C9CE7062}"
EndProject
Project("{2150E333-8FDC-42A3-9474-1A3956D46DE8}") = "Section 06 - Classes and methods", "Section 06 - Classes and methods", "{80DE25D2-A3E7-4E8F-89C4-25915E657BE2}"
EndProject
Project("{FAE04EC0-301F-11D3-BF4B-00C04F79EFBC}") = "01 Writing a class", "WritingAClass\01 Writing a class.csproj", "{941A5906-B861-4114-BDF6-B18DAC204DF1}"
EndProject
Project("{FAE04EC0-301F-11D3-BF4B-00C04F79EFBC}") = "02 Section quiz", "SqctionQuiz\02 Section quiz.csproj", "{70955C7F-E6C2-4922-9C75-18523EDA53CE}"
EndProject
Project("{FAE04EC0-301F-11D3-BF4B-00C04F79EFBC}") = "03 String Class", "StringClass\03 String Class.csproj", "{8E223191-9F71-4ECD-AA05-A333917947F6}"
EndProject
Project("{FAE04EC0-301F-11D3-BF4B-00C04F79EFBC}") = "04 Value and reference types", "ValueAndReference\04 Value and reference types.csproj", "{315DAC33-CE20-40C2-89F5-8CBB5488B477}"
EndProject
Project("{FAE04EC0-301F-11D3-BF4B-00C04F79EFBC}") = "05 End of section exam", "Section Exam\05 End of section exam.csproj", "{22497183-B430-47B7-BA73-0DD20ABD5DF6}"
EndProject
Project("{2150E333-8FDC-42A3-9474-1A3956D46DE8}") = "Section 07 - Midterm Exam", "Section 07 - Midterm Exam", "{004834C5-DDF3-424F-AA2B-76C1C2B8CCA1}"
EndProject
Project("{FAE04EC0-301F-11D3-BF4B-00C04F79EFBC}") = "01 Midterm exam", "MidtermExam\01 Midterm exam.csproj", "{3A48A200-A024-4BF9-AA90-BA7177D7B993}"
EndProject
Project("{2150E333-8FDC-42A3-9474-1A3956D46DE8}") = "Section 08 - Repetition", "Section 08 - Repetition", "{D462349F-29DA-42BD-A9EE-7B3E85DD64FD}"
EndProject
Project("{FAE04EC0-301F-11D3-BF4B-00C04F79EFBC}") = "01 While loops", "WhileLoops\01 While loops.csproj", "{0DA589D1-226B-433A-B633-6AE38A5FA575}"
EndProject
Project("{FAE04EC0-301F-11D3-BF4B-00C04F79EFBC}") = "02 Loop example", "LoopExample\02 Loop example.csproj", "{CBF4C690-82E2-4E7B-9262-0CB3D1D2EE55}"
EndProject
Project("{FAE04EC0-301F-11D3-BF4B-00C04F79EFBC}") = "03 Coding quiz", "CodingQuiz\03 Coding quiz.csproj", "{CCFE84AA-1FA4-44A6-8F9A-2598F98C1BED}"
EndProject
Project("{FAE04EC0-301F-11D3-BF4B-00C04F79EFBC}") = "04 For loops", "ForLoops\04 For loops.csproj", "{3FDE9179-3F90-4BD1-B497-870296CE5A97}"
EndProject
Project("{FAE04EC0-301F-11D3-BF4B-00C04F79EFBC}") = "05 Do while loops", "DoWhileLoops\05 Do while loops.csproj", "{ADB881D9-80EC-48AA-96C8-FDDE63D64A2A}"
EndProject
Project("{FAE04EC0-301F-11D3-BF4B-00C04F79EFBC}") = "06 Switch statement", "SwitchStatement\06 Switch statement.csproj", "{99377344-E684-41DB-97AB-35ED948E1171}"
EndProject
Project("{FAE04EC0-301F-11D3-BF4B-00C04F79EFBC}") = "07 Break statement", "BreakStatement\07 Break statement.csproj", "{16C15401-2D66-4C31-B51C-4BEA5089900E}"
EndProject
Global
	GlobalSection(SolutionConfigurationPlatforms) = preSolution
		Debug|Any CPU = Debug|Any CPU
		Release|Any CPU = Release|Any CPU
	EndGlobalSection
	GlobalSection(ProjectConfigurationPlatforms) = postSolution
		{B03B0D7D-E8D0-49BB-A64D-A5B1E3A8FC09}.Debug|Any CPU.ActiveCfg = Debug|Any CPU
		{B03B0D7D-E8D0-49BB-A64D-A5B1E3A8FC09}.Debug|Any CPU.Build.0 = Debug|Any CPU
		{B03B0D7D-E8D0-49BB-A64D-A5B1E3A8FC09}.Release|Any CPU.ActiveCfg = Release|Any CPU
		{B03B0D7D-E8D0-49BB-A64D-A5B1E3A8FC09}.Release|Any CPU.Build.0 = Release|Any CPU
		{E6D36DD6-5AAB-4C47-9DBB-BB5220828AE4}.Debug|Any CPU.ActiveCfg = Debug|Any CPU
		{E6D36DD6-5AAB-4C47-9DBB-BB5220828AE4}.Debug|Any CPU.Build.0 = Debug|Any CPU
		{E6D36DD6-5AAB-4C47-9DBB-BB5220828AE4}.Release|Any CPU.ActiveCfg = Release|Any CPU
		{E6D36DD6-5AAB-4C47-9DBB-BB5220828AE4}.Release|Any CPU.Build.0 = Release|Any CPU
		{3FCAB4C1-B184-4736-8D76-91A13E723336}.Debug|Any CPU.ActiveCfg = Debug|Any CPU
		{3FCAB4C1-B184-4736-8D76-91A13E723336}.Debug|Any CPU.Build.0 = Debug|Any CPU
		{3FCAB4C1-B184-4736-8D76-91A13E723336}.Release|Any CPU.ActiveCfg = Release|Any CPU
		{3FCAB4C1-B184-4736-8D76-91A13E723336}.Release|Any CPU.Build.0 = Release|Any CPU
		{B3C3EEA5-C52F-4A71-AE61-6A060FA62CCC}.Debug|Any CPU.ActiveCfg = Debug|Any CPU
		{B3C3EEA5-C52F-4A71-AE61-6A060FA62CCC}.Debug|Any CPU.Build.0 = Debug|Any CPU
		{B3C3EEA5-C52F-4A71-AE61-6A060FA62CCC}.Release|Any CPU.ActiveCfg = Release|Any CPU
		{B3C3EEA5-C52F-4A71-AE61-6A060FA62CCC}.Release|Any CPU.Build.0 = Release|Any CPU
		{31720736-2EDB-442A-BFDB-B32A3C7A833B}.Debug|Any CPU.ActiveCfg = Debug|Any CPU
		{31720736-2EDB-442A-BFDB-B32A3C7A833B}.Debug|Any CPU.Build.0 = Debug|Any CPU
		{31720736-2EDB-442A-BFDB-B32A3C7A833B}.Release|Any CPU.ActiveCfg = Release|Any CPU
		{31720736-2EDB-442A-BFDB-B32A3C7A833B}.Release|Any CPU.Build.0 = Release|Any CPU
		{0669479E-8BC7-48D6-A826-129ECC3650FE}.Debug|Any CPU.ActiveCfg = Debug|Any CPU
		{0669479E-8BC7-48D6-A826-129ECC3650FE}.Debug|Any CPU.Build.0 = Debug|Any CPU
		{0669479E-8BC7-48D6-A826-129ECC3650FE}.Release|Any CPU.ActiveCfg = Release|Any CPU
		{0669479E-8BC7-48D6-A826-129ECC3650FE}.Release|Any CPU.Build.0 = Release|Any CPU
		{BE41FF8C-2A9C-4A4A-A2C8-8A8352E2376C}.Debug|Any CPU.ActiveCfg = Debug|Any CPU
		{BE41FF8C-2A9C-4A4A-A2C8-8A8352E2376C}.Debug|Any CPU.Build.0 = Debug|Any CPU
		{BE41FF8C-2A9C-4A4A-A2C8-8A8352E2376C}.Release|Any CPU.ActiveCfg = Release|Any CPU
		{BE41FF8C-2A9C-4A4A-A2C8-8A8352E2376C}.Release|Any CPU.Build.0 = Release|Any CPU
		{E78A0BE4-7CAB-4177-AB84-269FE466D728}.Debug|Any CPU.ActiveCfg = Debug|Any CPU
		{E78A0BE4-7CAB-4177-AB84-269FE466D728}.Debug|Any CPU.Build.0 = Debug|Any CPU
		{E78A0BE4-7CAB-4177-AB84-269FE466D728}.Release|Any CPU.ActiveCfg = Release|Any CPU
		{E78A0BE4-7CAB-4177-AB84-269FE466D728}.Release|Any CPU.Build.0 = Release|Any CPU
		{9A55ADB1-8D47-4CD7-981F-A05D27706128}.Debug|Any CPU.ActiveCfg = Debug|Any CPU
		{9A55ADB1-8D47-4CD7-981F-A05D27706128}.Debug|Any CPU.Build.0 = Debug|Any CPU
		{9A55ADB1-8D47-4CD7-981F-A05D27706128}.Release|Any CPU.ActiveCfg = Release|Any CPU
		{9A55ADB1-8D47-4CD7-981F-A05D27706128}.Release|Any CPU.Build.0 = Release|Any CPU
		{3678CD78-E953-435C-BA02-017277A53F10}.Debug|Any CPU.ActiveCfg = Debug|Any CPU
		{3678CD78-E953-435C-BA02-017277A53F10}.Debug|Any CPU.Build.0 = Debug|Any CPU
		{3678CD78-E953-435C-BA02-017277A53F10}.Release|Any CPU.ActiveCfg = Release|Any CPU
		{3678CD78-E953-435C-BA02-017277A53F10}.Release|Any CPU.Build.0 = Release|Any CPU
		{1B884226-8861-4C97-9C3D-4371E6F0FAAF}.Debug|Any CPU.ActiveCfg = Debug|Any CPU
		{1B884226-8861-4C97-9C3D-4371E6F0FAAF}.Debug|Any CPU.Build.0 = Debug|Any CPU
		{1B884226-8861-4C97-9C3D-4371E6F0FAAF}.Release|Any CPU.ActiveCfg = Release|Any CPU
		{1B884226-8861-4C97-9C3D-4371E6F0FAAF}.Release|Any CPU.Build.0 = Release|Any CPU
		{3058D358-B339-4D55-88AE-853D3ADD8391}.Debug|Any CPU.ActiveCfg = Debug|Any CPU
		{3058D358-B339-4D55-88AE-853D3ADD8391}.Debug|Any CPU.Build.0 = Debug|Any CPU
		{3058D358-B339-4D55-88AE-853D3ADD8391}.Release|Any CPU.ActiveCfg = Release|Any CPU
		{3058D358-B339-4D55-88AE-853D3ADD8391}.Release|Any CPU.Build.0 = Release|Any CPU
		{2764FC3F-E593-4354-B66C-1201CA6B4649}.Debug|Any CPU.ActiveCfg = Debug|Any CPU
		{2764FC3F-E593-4354-B66C-1201CA6B4649}.Debug|Any CPU.Build.0 = Debug|Any CPU
		{2764FC3F-E593-4354-B66C-1201CA6B4649}.Release|Any CPU.ActiveCfg = Release|Any CPU
		{2764FC3F-E593-4354-B66C-1201CA6B4649}.Release|Any CPU.Build.0 = Release|Any CPU
		{F6018CA0-496A-4659-A20D-41119865D9DD}.Debug|Any CPU.ActiveCfg = Debug|Any CPU
		{F6018CA0-496A-4659-A20D-41119865D9DD}.Debug|Any CPU.Build.0 = Debug|Any CPU
		{F6018CA0-496A-4659-A20D-41119865D9DD}.Release|Any CPU.ActiveCfg = Release|Any CPU
		{F6018CA0-496A-4659-A20D-41119865D9DD}.Release|Any CPU.Build.0 = Release|Any CPU
		{B5C0F016-6285-4E40-B183-0306F2C9E67D}.Debug|Any CPU.ActiveCfg = Debug|Any CPU
		{B5C0F016-6285-4E40-B183-0306F2C9E67D}.Debug|Any CPU.Build.0 = Debug|Any CPU
		{B5C0F016-6285-4E40-B183-0306F2C9E67D}.Release|Any CPU.ActiveCfg = Release|Any CPU
		{B5C0F016-6285-4E40-B183-0306F2C9E67D}.Release|Any CPU.Build.0 = Release|Any CPU
		{EEBD65A4-DEDC-433C-BE97-401437A83B9E}.Debug|Any CPU.ActiveCfg = Debug|Any CPU
		{EEBD65A4-DEDC-433C-BE97-401437A83B9E}.Debug|Any CPU.Build.0 = Debug|Any CPU
		{EEBD65A4-DEDC-433C-BE97-401437A83B9E}.Release|Any CPU.ActiveCfg = Release|Any CPU
		{EEBD65A4-DEDC-433C-BE97-401437A83B9E}.Release|Any CPU.Build.0 = Release|Any CPU
		{3AE5F4BB-2FF1-4202-A9DB-864D52DDA87C}.Debug|Any CPU.ActiveCfg = Debug|Any CPU
		{3AE5F4BB-2FF1-4202-A9DB-864D52DDA87C}.Debug|Any CPU.Build.0 = Debug|Any CPU
		{3AE5F4BB-2FF1-4202-A9DB-864D52DDA87C}.Release|Any CPU.ActiveCfg = Release|Any CPU
		{3AE5F4BB-2FF1-4202-A9DB-864D52DDA87C}.Release|Any CPU.Build.0 = Release|Any CPU
		{9438041F-E8E4-4E2B-B124-7B69C9CE7062}.Debug|Any CPU.ActiveCfg = Debug|Any CPU
		{9438041F-E8E4-4E2B-B124-7B69C9CE7062}.Debug|Any CPU.Build.0 = Debug|Any CPU
		{9438041F-E8E4-4E2B-B124-7B69C9CE7062}.Release|Any CPU.ActiveCfg = Release|Any CPU
		{9438041F-E8E4-4E2B-B124-7B69C9CE7062}.Release|Any CPU.Build.0 = Release|Any CPU
		{941A5906-B861-4114-BDF6-B18DAC204DF1}.Debug|Any CPU.ActiveCfg = Debug|Any CPU
		{941A5906-B861-4114-BDF6-B18DAC204DF1}.Debug|Any CPU.Build.0 = Debug|Any CPU
		{941A5906-B861-4114-BDF6-B18DAC204DF1}.Release|Any CPU.ActiveCfg = Release|Any CPU
		{941A5906-B861-4114-BDF6-B18DAC204DF1}.Release|Any CPU.Build.0 = Release|Any CPU
		{70955C7F-E6C2-4922-9C75-18523EDA53CE}.Debug|Any CPU.ActiveCfg = Debug|Any CPU
		{70955C7F-E6C2-4922-9C75-18523EDA53CE}.Debug|Any CPU.Build.0 = Debug|Any CPU
		{70955C7F-E6C2-4922-9C75-18523EDA53CE}.Release|Any CPU.ActiveCfg = Release|Any CPU
		{70955C7F-E6C2-4922-9C75-18523EDA53CE}.Release|Any CPU.Build.0 = Release|Any CPU
		{8E223191-9F71-4ECD-AA05-A333917947F6}.Debug|Any CPU.ActiveCfg = Debug|Any CPU
		{8E223191-9F71-4ECD-AA05-A333917947F6}.Debug|Any CPU.Build.0 = Debug|Any CPU
		{8E223191-9F71-4ECD-AA05-A333917947F6}.Release|Any CPU.ActiveCfg = Release|Any CPU
		{8E223191-9F71-4ECD-AA05-A333917947F6}.Release|Any CPU.Build.0 = Release|Any CPU
		{315DAC33-CE20-40C2-89F5-8CBB5488B477}.Debug|Any CPU.ActiveCfg = Debug|Any CPU
		{315DAC33-CE20-40C2-89F5-8CBB5488B477}.Debug|Any CPU.Build.0 = Debug|Any CPU
		{315DAC33-CE20-40C2-89F5-8CBB5488B477}.Release|Any CPU.ActiveCfg = Release|Any CPU
		{315DAC33-CE20-40C2-89F5-8CBB5488B477}.Release|Any CPU.Build.0 = Release|Any CPU
		{22497183-B430-47B7-BA73-0DD20ABD5DF6}.Debug|Any CPU.ActiveCfg = Debug|Any CPU
		{22497183-B430-47B7-BA73-0DD20ABD5DF6}.Debug|Any CPU.Build.0 = Debug|Any CPU
		{22497183-B430-47B7-BA73-0DD20ABD5DF6}.Release|Any CPU.ActiveCfg = Release|Any CPU
		{22497183-B430-47B7-BA73-0DD20ABD5DF6}.Release|Any CPU.Build.0 = Release|Any CPU
		{3A48A200-A024-4BF9-AA90-BA7177D7B993}.Debug|Any CPU.ActiveCfg = Debug|Any CPU
		{3A48A200-A024-4BF9-AA90-BA7177D7B993}.Debug|Any CPU.Build.0 = Debug|Any CPU
		{3A48A200-A024-4BF9-AA90-BA7177D7B993}.Release|Any CPU.ActiveCfg = Release|Any CPU
		{3A48A200-A024-4BF9-AA90-BA7177D7B993}.Release|Any CPU.Build.0 = Release|Any CPU
		{0DA589D1-226B-433A-B633-6AE38A5FA575}.Debug|Any CPU.ActiveCfg = Debug|Any CPU
		{0DA589D1-226B-433A-B633-6AE38A5FA575}.Debug|Any CPU.Build.0 = Debug|Any CPU
		{0DA589D1-226B-433A-B633-6AE38A5FA575}.Release|Any CPU.ActiveCfg = Release|Any CPU
		{0DA589D1-226B-433A-B633-6AE38A5FA575}.Release|Any CPU.Build.0 = Release|Any CPU
		{CBF4C690-82E2-4E7B-9262-0CB3D1D2EE55}.Debug|Any CPU.ActiveCfg = Debug|Any CPU
		{CBF4C690-82E2-4E7B-9262-0CB3D1D2EE55}.Debug|Any CPU.Build.0 = Debug|Any CPU
		{CBF4C690-82E2-4E7B-9262-0CB3D1D2EE55}.Release|Any CPU.ActiveCfg = Release|Any CPU
		{CBF4C690-82E2-4E7B-9262-0CB3D1D2EE55}.Release|Any CPU.Build.0 = Release|Any CPU
		{CCFE84AA-1FA4-44A6-8F9A-2598F98C1BED}.Debug|Any CPU.ActiveCfg = Debug|Any CPU
		{CCFE84AA-1FA4-44A6-8F9A-2598F98C1BED}.Debug|Any CPU.Build.0 = Debug|Any CPU
		{CCFE84AA-1FA4-44A6-8F9A-2598F98C1BED}.Release|Any CPU.ActiveCfg = Release|Any CPU
		{CCFE84AA-1FA4-44A6-8F9A-2598F98C1BED}.Release|Any CPU.Build.0 = Release|Any CPU
		{3FDE9179-3F90-4BD1-B497-870296CE5A97}.Debug|Any CPU.ActiveCfg = Debug|Any CPU
		{3FDE9179-3F90-4BD1-B497-870296CE5A97}.Debug|Any CPU.Build.0 = Debug|Any CPU
		{3FDE9179-3F90-4BD1-B497-870296CE5A97}.Release|Any CPU.ActiveCfg = Release|Any CPU
		{3FDE9179-3F90-4BD1-B497-870296CE5A97}.Release|Any CPU.Build.0 = Release|Any CPU
		{ADB881D9-80EC-48AA-96C8-FDDE63D64A2A}.Debug|Any CPU.ActiveCfg = Debug|Any CPU
		{ADB881D9-80EC-48AA-96C8-FDDE63D64A2A}.Debug|Any CPU.Build.0 = Debug|Any CPU
		{ADB881D9-80EC-48AA-96C8-FDDE63D64A2A}.Release|Any CPU.ActiveCfg = Release|Any CPU
		{ADB881D9-80EC-48AA-96C8-FDDE63D64A2A}.Release|Any CPU.Build.0 = Release|Any CPU
		{99377344-E684-41DB-97AB-35ED948E1171}.Debug|Any CPU.ActiveCfg = Debug|Any CPU
		{99377344-E684-41DB-97AB-35ED948E1171}.Debug|Any CPU.Build.0 = Debug|Any CPU
		{99377344-E684-41DB-97AB-35ED948E1171}.Release|Any CPU.ActiveCfg = Release|Any CPU
		{99377344-E684-41DB-97AB-35ED948E1171}.Release|Any CPU.Build.0 = Release|Any CPU
		{16C15401-2D66-4C31-B51C-4BEA5089900E}.Debug|Any CPU.ActiveCfg = Debug|Any CPU
		{16C15401-2D66-4C31-B51C-4BEA5089900E}.Debug|Any CPU.Build.0 = Debug|Any CPU
		{16C15401-2D66-4C31-B51C-4BEA5089900E}.Release|Any CPU.ActiveCfg = Release|Any CPU
		{16C15401-2D66-4C31-B51C-4BEA5089900E}.Release|Any CPU.Build.0 = Release|Any CPU
	EndGlobalSection
	GlobalSection(SolutionProperties) = preSolution
		HideSolutionNode = FALSE
	EndGlobalSection
	GlobalSection(NestedProjects) = preSolution
		{B03B0D7D-E8D0-49BB-A64D-A5B1E3A8FC09} = {B8562679-5DFC-4438-ACF7-BD18279BC5C9}
		{E6D36DD6-5AAB-4C47-9DBB-BB5220828AE4} = {B8562679-5DFC-4438-ACF7-BD18279BC5C9}
		{3FCAB4C1-B184-4736-8D76-91A13E723336} = {42425352-289C-4E2F-886A-CBB024D8CFEB}
		{B3C3EEA5-C52F-4A71-AE61-6A060FA62CCC} = {42425352-289C-4E2F-886A-CBB024D8CFEB}
		{31720736-2EDB-442A-BFDB-B32A3C7A833B} = {42425352-289C-4E2F-886A-CBB024D8CFEB}
		{0669479E-8BC7-48D6-A826-129ECC3650FE} = {42425352-289C-4E2F-886A-CBB024D8CFEB}
		{BE41FF8C-2A9C-4A4A-A2C8-8A8352E2376C} = {42425352-289C-4E2F-886A-CBB024D8CFEB}
		{E78A0BE4-7CAB-4177-AB84-269FE466D728} = {42425352-289C-4E2F-886A-CBB024D8CFEB}
		{9A55ADB1-8D47-4CD7-981F-A05D27706128} = {42425352-289C-4E2F-886A-CBB024D8CFEB}
		{3678CD78-E953-435C-BA02-017277A53F10} = {BA5EA186-5A93-467A-98BF-2F1631C758B2}
		{1B884226-8861-4C97-9C3D-4371E6F0FAAF} = {BA5EA186-5A93-467A-98BF-2F1631C758B2}
		{3058D358-B339-4D55-88AE-853D3ADD8391} = {BA5EA186-5A93-467A-98BF-2F1631C758B2}
		{2764FC3F-E593-4354-B66C-1201CA6B4649} = {BA5EA186-5A93-467A-98BF-2F1631C758B2}
		{F6018CA0-496A-4659-A20D-41119865D9DD} = {8527ECA4-69A1-406E-BCA4-2207D34AAE8C}
		{B5C0F016-6285-4E40-B183-0306F2C9E67D} = {8527ECA4-69A1-406E-BCA4-2207D34AAE8C}
		{EEBD65A4-DEDC-433C-BE97-401437A83B9E} = {8527ECA4-69A1-406E-BCA4-2207D34AAE8C}
		{3AE5F4BB-2FF1-4202-A9DB-864D52DDA87C} = {8527ECA4-69A1-406E-BCA4-2207D34AAE8C}
		{9438041F-E8E4-4E2B-B124-7B69C9CE7062} = {8527ECA4-69A1-406E-BCA4-2207D34AAE8C}
		{941A5906-B861-4114-BDF6-B18DAC204DF1} = {80DE25D2-A3E7-4E8F-89C4-25915E657BE2}
		{70955C7F-E6C2-4922-9C75-18523EDA53CE} = {80DE25D2-A3E7-4E8F-89C4-25915E657BE2}
		{8E223191-9F71-4ECD-AA05-A333917947F6} = {80DE25D2-A3E7-4E8F-89C4-25915E657BE2}
		{315DAC33-CE20-40C2-89F5-8CBB5488B477} = {80DE25D2-A3E7-4E8F-89C4-25915E657BE2}
		{22497183-B430-47B7-BA73-0DD20ABD5DF6} = {80DE25D2-A3E7-4E8F-89C4-25915E657BE2}
		{3A48A200-A024-4BF9-AA90-BA7177D7B993} = {004834C5-DDF3-424F-AA2B-76C1C2B8CCA1}
		{0DA589D1-226B-433A-B633-6AE38A5FA575} = {D462349F-29DA-42BD-A9EE-7B3E85DD64FD}
		{CBF4C690-82E2-4E7B-9262-0CB3D1D2EE55} = {D462349F-29DA-42BD-A9EE-7B3E85DD64FD}
		{CCFE84AA-1FA4-44A6-8F9A-2598F98C1BED} = {D462349F-29DA-42BD-A9EE-7B3E85DD64FD}
		{3FDE9179-3F90-4BD1-B497-870296CE5A97} = {D462349F-29DA-42BD-A9EE-7B3E85DD64FD}
		{ADB881D9-80EC-48AA-96C8-FDDE63D64A2A} = {D462349F-29DA-42BD-A9EE-7B3E85DD64FD}
		{99377344-E684-41DB-97AB-35ED948E1171} = {D462349F-29DA-42BD-A9EE-7B3E85DD64FD}
		{16C15401-2D66-4C31-B51C-4BEA5089900E} = {D462349F-29DA-42BD-A9EE-7B3E85DD64FD}
	EndGlobalSection
	GlobalSection(ExtensibilityGlobals) = postSolution
		SolutionGuid = {3A731EBF-2BBF-4237-B221-61EAD462B074}
	EndGlobalSection
EndGlobal
